# This file is automatically @generated by Cargo.
# It is not intended for manual editing.
[[package]]
name = "rust-hello"
version = "1.0.0"
dependencies = [
 "time 0.2.0 (registry+https://github.com/rust-lang/crates.io-index)",
]

[[package]]
name = "time"
version = "0.2.0"
source = "registry+https://github.com/rust-lang/crates.io-index"

[metadata]
"checksum time 0.2.0 (registry+https://github.com/rust-lang/crates.io-index)" = "fcc26de0a81a07c8352b548977862908fa9863e0e6e4f0eb36b2a9f4f8845585"
